
Microsoft Visual Studio Solution File, Format Version 12.00
# Visual Studio 15
VisualStudioVersion = 15.0.28307.489
MinimumVisualStudioVersion = 10.0.40219.1
Project("{FAE04EC0-301F-11D3-BF4B-00C04F79EFBC}") = "WindowsFormsApp.Bloknot", "WindowsFormsApp.Bloknot\WindowsFormsApp.Bloknot.csproj", "{9097F913-E95B-482C-8D3A-223A36490A67}"
EndProject
Global
	GlobalSection(SolutionConfigurationPlatforms) = preSolution
		Debug|Any CPU = Debug|Any CPU
		Release|Any CPU = Release|Any CPU
	EndGlobalSection
	GlobalSection(ProjectConfigurationPlatforms) = postSolution
		{9097F913-E95B-482C-8D3A-223A36490A67}.Debug|Any CPU.ActiveCfg = Debug|Any CPU
		{9097F913-E95B-482C-8D3A-223A36490A67}.Debug|Any CPU.Build.0 = Debug|Any CPU
		{9097F913-E95B-482C-8D3A-223A36490A67}.Release|Any CPU.ActiveCfg = Release|Any CPU
		{9097F913-E95B-482C-8D3A-223A36490A67}.Release|Any CPU.Build.0 = Release|Any CPU
	EndGlobalSection
	GlobalSection(SolutionProperties) = preSolution
		HideSolutionNode = FALSE
	EndGlobalSection
	GlobalSection(ExtensibilityGlobals) = postSolution
		SolutionGuid = {E4CC5F73-87DA-4EBA-8B05-B396E65576AA}
	EndGlobalSection
EndGlobal
