
Microsoft Visual Studio Solution File, Format Version 12.00
# Visual Studio Version 16
VisualStudioVersion = 16.0.29503.13
MinimumVisualStudioVersion = 10.0.40219.1
Project("{FAE04EC0-301F-11D3-BF4B-00C04F79EFBC}") = "Cake", "Cake\Cake.csproj", "{C9708F98-7689-4D42-9D70-01E6EB0AE6B5}"
EndProject
Global
	GlobalSection(SolutionConfigurationPlatforms) = preSolution
		Debug|Any CPU = Debug|Any CPU
		Release|Any CPU = Release|Any CPU
	EndGlobalSection
	GlobalSection(ProjectConfigurationPlatforms) = postSolution
		{C9708F98-7689-4D42-9D70-01E6EB0AE6B5}.Debug|Any CPU.ActiveCfg = Debug|Any CPU
		{C9708F98-7689-4D42-9D70-01E6EB0AE6B5}.Debug|Any CPU.Build.0 = Debug|Any CPU
		{C9708F98-7689-4D42-9D70-01E6EB0AE6B5}.Release|Any CPU.ActiveCfg = Release|Any CPU
		{C9708F98-7689-4D42-9D70-01E6EB0AE6B5}.Release|Any CPU.Build.0 = Release|Any CPU
	EndGlobalSection
	GlobalSection(SolutionProperties) = preSolution
		HideSolutionNode = FALSE
	EndGlobalSection
	GlobalSection(ExtensibilityGlobals) = postSolution
		SolutionGuid = {D14D5132-F787-415B-8D8D-02FB5B63C0E2}
	EndGlobalSection
EndGlobal
