
Microsoft Visual Studio Solution File, Format Version 12.00
# Visual Studio 15
VisualStudioVersion = 15.0.28307.705
MinimumVisualStudioVersion = 10.0.40219.1
Project("{FAE04EC0-301F-11D3-BF4B-00C04F79EFBC}") = "WpfApp_itog", "WpfApp_itog\WpfApp_itog.csproj", "{F1C55CA0-0EF6-4AA1-81AE-7B08BA0C28FB}"
EndProject
Global
	GlobalSection(SolutionConfigurationPlatforms) = preSolution
		Debug|Any CPU = Debug|Any CPU
		Release|Any CPU = Release|Any CPU
	EndGlobalSection
	GlobalSection(ProjectConfigurationPlatforms) = postSolution
		{F1C55CA0-0EF6-4AA1-81AE-7B08BA0C28FB}.Debug|Any CPU.ActiveCfg = Debug|Any CPU
		{F1C55CA0-0EF6-4AA1-81AE-7B08BA0C28FB}.Debug|Any CPU.Build.0 = Debug|Any CPU
		{F1C55CA0-0EF6-4AA1-81AE-7B08BA0C28FB}.Release|Any CPU.ActiveCfg = Release|Any CPU
		{F1C55CA0-0EF6-4AA1-81AE-7B08BA0C28FB}.Release|Any CPU.Build.0 = Release|Any CPU
	EndGlobalSection
	GlobalSection(SolutionProperties) = preSolution
		HideSolutionNode = FALSE
	EndGlobalSection
	GlobalSection(ExtensibilityGlobals) = postSolution
		SolutionGuid = {73DE0D3E-DC0E-4680-B827-20D4D3E4B840}
	EndGlobalSection
EndGlobal
